PODS:
  - Alamofire (5.0.0-rc.3)
  - SVProgressHUD (2.2.5)
  - Verifie (0.1.5):
    - Alamofire (~> 5.0.0-rc.2)
    - SVProgressHUD

DEPENDENCIES:
  - Verifie (from `../`)

SPEC REPOS:
  trunk:
    - Alamofire
    - SVProgressHUD

EXTERNAL SOURCES:
  Verifie:
    :path: "../"

SPEC CHECKSUMS:
  Alamofire: ca8c0de6906873be89d6deec5c8de279e00bf872
  SVProgressHUD: 1428aafac632c1f86f62aa4243ec12008d7a51d6
  Verifie: c458555b83c85972c29b0138f0c44d027ee9fe85

PODFILE CHECKSUM: c62427e126a7306cbf12d5b961af08d145f18197

COCOAPODS: 1.8.4
